lockfileVersion: 5.3

importers:

  .:
    specifiers:
      rimraf: 3.0.2
      turbo: 1.1.9
    devDependencies:
      rimraf: 3.0.2
      turbo: 1.1.9

packages:

  /balanced-match/1.0.2:
    resolution: {integrity: sha512-3oSeUO0TMV67hN1AmbXsK4yaqU7tjiHlbxRDZOpH0KW9+CeX4bRAaX0Anxt0tx2MrpRpWwQaPwIlISEJhYU5Pw==}
    dev: true

  /brace-expansion/1.1.11:
    resolution: {integrity: sha512-iCuPHDFgrHX7H2vEI/5xpz07zSHB00TpugqhmYtVmMO6518mCuRMoOYFldEBl0g187ufozdaHgWKcYFb61qGiA==}
    dependencies:
      balanced-match: 1.0.2
      concat-map: 0.0.1
    dev: true

  /concat-map/0.0.1:
    resolution: {integrity: sha1-2Klr13/Wjfd5OnMDajug1UBdR3s=}
    dev: true

  /fs.realpath/1.0.0:
    resolution: {integrity: sha1-FQStJSMVjKpA20onh8sBQRmU6k8=}
    dev: true

  /glob/7.2.0:
    resolution: {integrity: sha512-lmLf6gtyrPq8tTjSmrO94wBeQbFR3HbLHbuyD69wuyQkImp2hWqMGB47OX65FBkPffO641IP9jWa1z4ivqG26Q==}
    dependencies:
      fs.realpath: 1.0.0
      inflight: 1.0.6
      inherits: 2.0.4
      minimatch: 3.1.2
      once: 1.4.0
      path-is-absolute: 1.0.1
    dev: true

  /inflight/1.0.6:
    resolution: {integrity: sha1-Sb1jMdfQLQwJvJEKEHW6gWW1bfk=}
    dependencies:
      once: 1.4.0
      wrappy: 1.0.2
    dev: true

  /inherits/2.0.4:
    resolution: {integrity: sha512-k/vGaX4/Yla3WzyMCvTQOXYeIHvqOKtnqBduzTHpzpQZzAskKMhZ2K+EnBiSM9zGSoIFeMpXKxa4dYeZIQqewQ==}
    dev: true

  /minimatch/3.1.2:
    resolution: {integrity: sha512-J7p63hRiAjw1NDEww1W7i37+ByIrOWO5XQQAzZ3VOcL0PNybwpfmV/N05zFAzwQ9USyEcX6t3UO+K5aqBQOIHw==}
    dependencies:
      brace-expansion: 1.1.11
    dev: true

  /once/1.4.0:
    resolution: {integrity: sha1-WDsap3WWHUsROsF9nFC6753Xa9E=}
    dependencies:
      wrappy: 1.0.2
    dev: true

  /path-is-absolute/1.0.1:
    resolution: {integrity: sha1-F0uSaHNVNP+8es5r9TpanhtcX18=}
    engines: {node: '>=0.10.0'}
    dev: true

  /rimraf/3.0.2:
    resolution: {integrity: sha512-JZkJMZkAGFFPP2YqXZXPbMlMBgsxzE8ILs4lMIX/2o0L9UBw9O/Y3o6wFw/i9YLapcUJWwqbi3kdxIPdC62TIA==}
    hasBin: true
    dependencies:
      glob: 7.2.0
    dev: true

  /turbo-darwin-64/1.1.9:
    resolution: {integrity: sha512-DAeQkBXvIVMwdlT/OvJYKNbhijUJQr4ug/sLJpNMEMPVW2Fs1aVZpr+ea4W+Xo90nOk+Ac0oCbv4nx3v8UZ1iQ==}
    cpu: [x64]
    os: [darwin]
    requiresBuild: true
    dev: true
    optional: true

  /turbo-darwin-arm64/1.1.9:
    resolution: {integrity: sha512-15WTOOngcUALX1Pso6tG/vot8ksi1l5/Sljv4sXjfpFup9Xkc2m6AE6QlKllextL10SD4x52K2z01ClV7YIKEQ==}
    cpu: [arm64]
    os: [darwin]
    requiresBuild: true
    dev: true
    optional: true

  /turbo-freebsd-64/1.1.9:
    resolution: {integrity: sha512-DqDt4o79guYef7MlYQChHMOMxJNbvE+SVuBP0+CxG4WreSUnsT+D4+/+KBs9e/o2p1xHRoDOtuKbDai8tWgKaQ==}
    cpu: [x64]
    os: [freebsd]
    requiresBuild: true
    dev: true
    optional: true

  /turbo-freebsd-arm64/1.1.9:
    resolution: {integrity: sha512-tiudLNRsOmmWD9guqWEoW63x3F0YKtkQis0DRrFqJBVcnMDfKYtMWIr6kP7DhK9PxKwnJY4Y1WIawXPIWl66EQ==}
    cpu: [arm64]
    os: [freebsd]
    requiresBuild: true
    dev: true
    optional: true

  /turbo-linux-32/1.1.9:
    resolution: {integrity: sha512-u0VI41gqxRqGR41+nVmWvNZ6d2AS/KYfrfDeFbw8mRVsuAR2OP6emsbt7cUN++0ZzH9qsRgGcBR/k2Ge/EEx5g==}
    cpu: [ia32]
    os: [linux]
    requiresBuild: true
    dev: true
    optional: true

  /turbo-linux-64/1.1.9:
    resolution: {integrity: sha512-BU3ulyNivyrDwGVA2NnMcqUH9o4njk59DgantoF7rRSWNeyt5abneOG7CVAdaAy03JIc1gzErjVV+QSQ25H9ug==}
    cpu: [x64]
    os: [linux]
    requiresBuild: true
    dev: true
    optional: true

  /turbo-linux-arm/1.1.9:
    resolution: {integrity: sha512-sAI2BqkipyvH6fQhhnOGhY9C9z9AMUdTizOm0Luj6gmEMZhUmjfk5K8BsX3uKzY6cWx5+twaTPXFd1EGV/o7Pg==}
    cpu: [arm]
    os: [linux]
    requiresBuild: true
    dev: true
    optional: true

  /turbo-linux-arm64/1.1.9:
    resolution: {integrity: sha512-bVD+8n8qDDlZxG6Z8rn58m50BjczIV4zCgjDQDIN2E6H9FjWuLOpKXk3mdTgM31w1Om8HYZgkbvla/jQSwWHrQ==}
    cpu: [arm64]
    os: [linux]
    requiresBuild: true
    dev: true
    optional: true

  /turbo-linux-mips64le/1.1.9:
    resolution: {integrity: sha512-/34pGwWKRes3FYAUpZn+s8rKIbi76ZHuGxvXWx7clIfmLwNw1dN04c7cXU/t2PwDv4CzsGkqPgVNMGitnLxeUQ==}
    cpu: [mips64el]
    os: [linux]
    requiresBuild: true
    dev: true
    optional: true

  /turbo-linux-ppc64le/1.1.9:
    resolution: {integrity: sha512-5yR59wLf+HTV2Zb7ycPHXloTgYql22F4lhL6H7cWBVmbDFzrWR3N1d/sPaNLHtaDEE4l6UtTOFd/WQCfPDq/Hw==}
    cpu: [ppc64]
    os: [linux]
    requiresBuild: true
    dev: true
    optional: true

  /turbo-windows-32/1.1.9:
    resolution: {integrity: sha512-dVwjFWg/SsW+pVk1iOnfovXSzsMsIgiEQvkAEnN3+XNEkjtYhLQ73bntZhP/mO4IKpDEkPoBcOlV/092uwadOg==}
    cpu: [ia32]
    os: [win32]
    requiresBuild: true
    dev: true
    optional: true

  /turbo-windows-64/1.1.9:
    resolution: {integrity: sha512-fzjO2D9lzhrBNjnuqaFTBpRU9DjYMhhgFgvD3ynwNWiBgm4wcer58DpRMDEzjq51Q+0HwFIrsKzEMyVK4Ubu/Q==}
    cpu: [x64]
    os: [win32]
    requiresBuild: true
    dev: true
    optional: true

  /turbo/1.1.9:
    resolution: {integrity: sha512-xFtKZ9EFEkENhRxn89RQWmgMKCnUvKWPwiOXz60ztp4HEKXAdOBgEmgCOhyn5osfgQYOiaOI6gBIjSf/UMorQQ==}
    hasBin: true
    requiresBuild: true
    optionalDependencies:
      turbo-darwin-64: 1.1.9
      turbo-darwin-arm64: 1.1.9
      turbo-freebsd-64: 1.1.9
      turbo-freebsd-arm64: 1.1.9
      turbo-linux-32: 1.1.9
      turbo-linux-64: 1.1.9
      turbo-linux-arm: 1.1.9
      turbo-linux-arm64: 1.1.9
      turbo-linux-mips64le: 1.1.9
      turbo-linux-ppc64le: 1.1.9
      turbo-windows-32: 1.1.9
      turbo-windows-64: 1.1.9
    dev: true

  /wrappy/1.0.2:
    resolution: {integrity: sha1-tSQ9jz7BqjXxNkYFvA0QNuMKtp8=}
    dev: true
